{"version":4,"terraform_version":"1.11.6","serial":44,"lineage":"c8fd92cc-de45-7f9d-5c72-f0a5f5327e45","outputs":{},"resources":[{"module":"module.vms_wintermute","mode":"managed","type":"proxmox_virtual_environment_file","name":"cloud_init_user_data","provider":"provider[\"registry.opentofu.org/bpg/proxmox\"].wintermute","instances":[{"index_key":"tmp-nfs-peer","schema_version":0,"attributes":{"content_type":"snippets","datastore_id":"local","file_mode":null,"file_modification_date":null,"file_name":"tmp-nfs-peer-user-data.yaml","file_size":null,"file_tag":null,"id":"local:snippets/tmp-nfs-peer-user-data.yaml","node_name":"wintermute","overwrite":true,"source_file":[],"source_raw":[{"data":"#cloud-config\nhostname: tmp-nfs-peer\nmanage_etc_hosts: true\nusers:\n  - name: admin\n    groups: sudo\n    shell: /bin/bash\n    sudo: ALL=(ALL) NOPASSWD:ALL\n    ssh_authorized_keys:\n      - ssh-ed25519 AAAAC3NzaC1lZDI1NTE5AAAAIKdyat6o2XJduKpAzwnmvQzqlEXAvO9nE8hPKMYU+QkE fortress-vm-prepare:tmp-nfs-peer:2026-05-09T02:49:25Z\nwrite_files:\n  - path: /etc/fortress-network-intent.yaml\n    permissions: \"0644\"\n    content: |\n      \"interfaces\":\n            - \"address\": \"10.10.0.232/24\"\n              \"bridge\": \"vmbr0\"\n              \"gateway\": \"10.10.0.1\"\n              \"model\": \"virtio\"\n              \"vlan\": null\n            \n","file_name":"tmp-nfs-peer-user-data.yaml","resize":0}],"timeout_upload":1800,"upload_mode":"stream"},"sensitive_attributes":[],"private":"bnVsbA=="}]}],"check_results":[{"object_kind":"resource","config_addr":"module.vms_wintermute.proxmox_virtual_environment_vm.vm","status":"unknown","objects":null},{"object_kind":"resource","config_addr":"module.vms_wintermute.proxmox_virtual_environment_file.cloud_init_user_data","status":"unknown","objects":null}]}
