{"version":4,"terraform_version":"1.11.6","serial":96,"lineage":"c8fd92cc-de45-7f9d-5c72-f0a5f5327e45","outputs":{},"resources":[{"module":"module.vms_wintermute","mode":"managed","type":"proxmox_virtual_environment_file","name":"cloud_init_user_data","provider":"provider[\"registry.opentofu.org/bpg/proxmox\"].wintermute","instances":[{"index_key":"tmp-nfs-peer","schema_version":0,"attributes":{"content_type":"snippets","datastore_id":"local","file_mode":null,"file_modification_date":null,"file_name":"tmp-nfs-peer-user-data.yaml","file_size":null,"file_tag":null,"id":"local:snippets/tmp-nfs-peer-user-data.yaml","node_name":"wintermute","overwrite":true,"source_file":[],"source_raw":[{"data":"#cloud-config\nhostname: tmp-nfs-peer\nmanage_etc_hosts: true\nusers:\n  - name: admin\n    groups: sudo\n    shell: /bin/bash\n    sudo: ALL=(ALL) NOPASSWD:ALL\n    ssh_authorized_keys:\n      - ssh-ed25519 AAAAC3NzaC1lZDI1NTE5AAAAIGbf64rDX/+A+Jr/M/9uc1OidEk3gSGj0d+YYlSOZds8 fortress-vm-prepare:tmp-nfs-peer:2026-05-09T03:20:58Z\nwrite_files:\n  - path: /etc/fortress-network-intent.yaml\n    permissions: \"0644\"\n    content: |\n      \"interfaces\":\n            - \"address\": \"10.10.0.232/24\"\n              \"bridge\": \"vmbr0\"\n              \"gateway\": \"10.10.0.1\"\n              \"model\": \"virtio\"\n              \"vlan\": null\n            \n","file_name":"tmp-nfs-peer-user-data.yaml","resize":0}],"timeout_upload":1800,"upload_mode":"stream"},"sensitive_attributes":[],"private":"bnVsbA=="},{"index_key":"tmp-nfs-primary","schema_version":0,"attributes":{"content_type":"snippets","datastore_id":"local","file_mode":null,"file_modification_date":null,"file_name":"tmp-nfs-primary-user-data.yaml","file_size":null,"file_tag":null,"id":"local:snippets/tmp-nfs-primary-user-data.yaml","node_name":"wintermute","overwrite":true,"source_file":[],"source_raw":[{"data":"#cloud-config\nhostname: tmp-nfs-primary\nmanage_etc_hosts: true\nusers:\n  - name: admin\n    groups: sudo\n    shell: /bin/bash\n    sudo: ALL=(ALL) NOPASSWD:ALL\n    ssh_authorized_keys:\n      - ssh-ed25519 AAAAC3NzaC1lZDI1NTE5AAAAIP/svUaOSYQwWfI5aURwPI/Y27TWqJHL8AbPlcZyArJv fortress-vm-prepare:tmp-nfs-primary:2026-05-09T03:20:16Z\nwrite_files:\n  - path: /etc/fortress-network-intent.yaml\n    permissions: \"0644\"\n    content: |\n      \"interfaces\":\n            - \"address\": \"10.10.0.231/24\"\n              \"bridge\": \"vmbr0\"\n              \"gateway\": \"10.10.0.1\"\n              \"model\": \"virtio\"\n              \"vlan\": null\n            \n","file_name":"tmp-nfs-primary-user-data.yaml","resize":0}],"timeout_upload":1800,"upload_mode":"stream"},"sensitive_attributes":[],"private":"bnVsbA=="}]},{"module":"module.vms_wintermute","mode":"managed","type":"proxmox_virtual_environment_vm","name":"vm","provider":"provider[\"registry.opentofu.org/bpg/proxmox\"].wintermute","instances":[{"index_key":"tmp-nfs-peer","schema_version":0,"attributes":{"acpi":true,"agent":[],"amd_sev":[],"audio_device":[],"bios":"seabios","boot_order":["scsi0"],"cdrom":[],"clone":[{"datastore_id":"","full":true,"node_name":"","retries":1,"vm_id":9001}],"cpu":[{"affinity":"","architecture":"","cores":1,"flags":null,"hotplugged":0,"limit":0,"numa":false,"sockets":1,"type":"qemu64","units":0}],"delete_unreferenced_disks_on_destroy":true,"description":null,"disk":[{"aio":"io_uring","backup":true,"cache":"none","datastore_id":"fast","discard":"ignore","file_format":"raw","file_id":"","import_from":"","interface":"scsi0","iothread":false,"path_in_datastore":"vm-8912-disk-0","replicate":true,"serial":"","size":8,"speed":[],"ssd":false}],"efi_disk":[],"hook_script_file_id":null,"hostpci":[],"hotplug":null,"id":"8912","initialization":[{"datastore_id":"local-lvm","dns":[],"file_format":"","interface":"scsi1","ip_config":[{"ipv4":[{"address":"10.10.0.232/24","gateway":"10.10.0.1"}],"ipv6":[]}],"meta_data_file_id":"","network_data_file_id":"","type":"","upgrade":true,"user_account":[],"user_data_file_id":"local:snippets/tmp-nfs-peer-user-data.yaml","vendor_data_file_id":""}],"ipv4_addresses":[["127.0.0.1"],["10.10.0.232"]],"ipv6_addresses":[["::1"],["fe80::be24:11ff:fe5e:9f7c"]],"keyboard_layout":"en-us","kvm_arguments":null,"mac_addresses":["00:00:00:00:00:00","BC:24:11:5E:9F:7C"],"machine":null,"memory":[{"dedicated":1024,"floating":0,"hugepages":"","keep_hugepages":false,"shared":0}],"migrate":false,"name":"tmp-nfs-peer","network_device":[{"bridge":"vmbr0","disconnected":false,"enabled":true,"firewall":false,"mac_address":"BC:24:11:5E:9F:7C","model":"virtio","mtu":0,"queues":0,"rate_limit":0,"trunks":"","vlan_id":0}],"network_interface_names":["lo","eth0"],"node_name":"wintermute","numa":[],"on_boot":true,"operating_system":[],"pool_id":"","protection":false,"purge_on_destroy":true,"reboot":false,"reboot_after_update":true,"rng":[],"scsi_hardware":"virtio-scsi-pci","serial_device":[],"smbios":[],"started":true,"startup":[],"stop_on_destroy":false,"tablet_device":true,"tags":null,"template":false,"timeout_clone":1800,"timeout_create":1800,"timeout_migrate":1800,"timeout_move_disk":1800,"timeout_reboot":1800,"timeout_shutdown_vm":1800,"timeout_start_vm":1800,"timeout_stop_vm":300,"tpm_state":[],"usb":[],"vga":[{"clipboard":"","memory":16,"type":"serial0"}],"virtiofs":[],"vm_id":8912,"watchdog":[]},"sensitive_attributes":[],"private":"bnVsbA==","dependencies":["module.vms_wintermute.proxmox_virtual_environment_file.cloud_init_user_data"]}]}],"check_results":[{"object_kind":"resource","config_addr":"module.vms_wintermute.proxmox_virtual_environment_file.cloud_init_user_data","status":"unknown","objects":null},{"object_kind":"resource","config_addr":"module.vms_wintermute.proxmox_virtual_environment_vm.vm","status":"unknown","objects":null}]}
